
Microsoft Visual Studio Solution File, Format Version 12.00
# Visual Studio Version 17
VisualStudioVersion = 17.9.34714.143
MinimumVisualStudioVersion = 10.0.40219.1
Project("{FAE04EC0-301F-11D3-BF4B-00C04F79EFBC}") = "WebApiProject", "WebApiProject\WebApiProject.csproj", "{4B4447FD-A9E2-4A72-AC15-DB04FE70EA80}"
EndProject
Global
	GlobalSection(SolutionConfigurationPlatforms) = preSolution
		Debug|Any CPU = Debug|Any CPU
		Release|Any CPU = Release|Any CPU
	EndGlobalSection
	GlobalSection(ProjectConfigurationPlatforms) = postSolution
		{4B4447FD-A9E2-4A72-AC15-DB04FE70EA80}.Debug|Any CPU.ActiveCfg = Debug|Any CPU
		{4B4447FD-A9E2-4A72-AC15-DB04FE70EA80}.Debug|Any CPU.Build.0 = Debug|Any CPU
		{4B4447FD-A9E2-4A72-AC15-DB04FE70EA80}.Release|Any CPU.ActiveCfg = Release|Any CPU
		{4B4447FD-A9E2-4A72-AC15-DB04FE70EA80}.Release|Any CPU.Build.0 = Release|Any CPU
	EndGlobalSection
	GlobalSection(SolutionProperties) = preSolution
		HideSolutionNode = FALSE
	EndGlobalSection
	GlobalSection(ExtensibilityGlobals) = postSolution
		SolutionGuid = {3BBF53E3-C108-4454-8FB9-10972BBE9B05}
	EndGlobalSection
EndGlobal
